Microsoft Visual Studio Solution File, Format Version 12.00
# Visual Studio 2012
Project("{FAE04EC0-301F-11D3-BF4B-00C04F79EFBC}") = "gumus", "gumus.csproj", "{EB0ABC4C-6929-44EF-80A5-A08D7F8FA1BB}"
EndProject
Global
	GlobalSection(SolutionConfigurationPlatforms) = preSolution
	Debug|Any CPU = Debug|Any CPU
	ExportDebug|Any CPU = ExportDebug|Any CPU
	ExportRelease|Any CPU = ExportRelease|Any CPU
	EndGlobalSection
	GlobalSection(ProjectConfigurationPlatforms) = postSolution
		{EB0ABC4C-6929-44EF-80A5-A08D7F8FA1BB}.Debug|Any CPU.ActiveCfg = Debug|Any CPU
		{EB0ABC4C-6929-44EF-80A5-A08D7F8FA1BB}.Debug|Any CPU.Build.0 = Debug|Any CPU
		{EB0ABC4C-6929-44EF-80A5-A08D7F8FA1BB}.ExportDebug|Any CPU.ActiveCfg = ExportDebug|Any CPU
		{EB0ABC4C-6929-44EF-80A5-A08D7F8FA1BB}.ExportDebug|Any CPU.Build.0 = ExportDebug|Any CPU
		{EB0ABC4C-6929-44EF-80A5-A08D7F8FA1BB}.ExportRelease|Any CPU.ActiveCfg = ExportRelease|Any CPU
		{EB0ABC4C-6929-44EF-80A5-A08D7F8FA1BB}.ExportRelease|Any CPU.Build.0 = ExportRelease|Any CPU
	EndGlobalSection
EndGlobal
